// !$*UTF8*$!
{
	archiveVersion = 1;
	classes = {
	};
	objectVersion = 55;
	objects = {

/* Begin PBXBuildFile section */
		56045C2127D4C521003BBD24 /* ConstructViewsProtocol.swift in Sources */ = {isa = PBXBuildFile; fileRef = 56045C2027D4C521003BBD24 /* ConstructViewsProtocol.swift */; };
		56045C2427D4C555003BBD24 /* UIFont+Extension.swift in Sources */ = {isa = PBXBuildFile; fileRef = 56045C2327D4C555003BBD24 /* UIFont+Extension.swift */; };
		56045C2727D4C57A003BBD24 /* BundleFont.swift in Sources */ = {isa = PBXBuildFile; fileRef = 56045C2627D4C57A003BBD24 /* BundleFont.swift */; };
		56045C4327D4C723003BBD24 /* Body1Label.swift in Sources */ = {isa = PBXBuildFile; fileRef = 56045C2927D4C722003BBD24 /* Body1Label.swift */; };
		56045C4427D4C723003BBD24 /* Body2BoldLabel.swift in Sources */ = {isa = PBXBuildFile; fileRef = 56045C2A27D4C722003BBD24 /* Body2BoldLabel.swift */; };
		56045C4527D4C723003BBD24 /* Body2MediumLabel.swift in Sources */ = {isa = PBXBuildFile; fileRef = 56045C2B27D4C722003BBD24 /* Body2MediumLabel.swift */; };
		56045C4627D4C723003BBD24 /* Body5BoldLabel.swift in Sources */ = {isa = PBXBuildFile; fileRef = 56045C2C27D4C723003BBD24 /* Body5BoldLabel.swift */; };
		56045C4727D4C723003BBD24 /* Body6MediumLabel.swift in Sources */ = {isa = PBXBuildFile; fileRef = 56045C2D27D4C723003BBD24 /* Body6MediumLabel.swift */; };
		56045C4827D4C723003BBD24 /* Body4BoldLabel.swift in Sources */ = {isa = PBXBuildFile; fileRef = 56045C2E27D4C723003BBD24 /* Body4BoldLabel.swift */; };
		56045C4927D4C723003BBD24 /* Heading8Label.swift in Sources */ = {isa = PBXBuildFile; fileRef = 56045C2F27D4C723003BBD24 /* Heading8Label.swift */; };
		56045C4A27D4C723003BBD24 /* Body3BoldLabel.swift in Sources */ = {isa = PBXBuildFile; fileRef = 56045C3027D4C723003BBD24 /* Body3BoldLabel.swift */; };
		56045C4B27D4C723003BBD24 /* Body4Label.swift in Sources */ = {isa = PBXBuildFile; fileRef = 56045C3127D4C723003BBD24 /* Body4Label.swift */; };
		56045C4C27D4C723003BBD24 /* Body1BoldLabel.swift in Sources */ = {isa = PBXBuildFile; fileRef = 56045C3227D4C723003BBD24 /* Body1BoldLabel.swift */; };
		56045C4D27D4C723003BBD24 /* Heading10BoldLabel.swift in Sources */ = {isa = PBXBuildFile; fileRef = 56045C3327D4C723003BBD24 /* Heading10BoldLabel.swift */; };
		56045C4E27D4C723003BBD24 /* Body3Label.swift in Sources */ = {isa = PBXBuildFile; fileRef = 56045C3427D4C723003BBD24 /* Body3Label.swift */; };
		56045C4F27D4C723003BBD24 /* LinkLabel.swift in Sources */ = {isa = PBXBuildFile; fileRef = 56045C3527D4C723003BBD24 /* LinkLabel.swift */; };
		56045C5027D4C723003BBD24 /* Body3MediumLabel.swift in Sources */ = {isa = PBXBuildFile; fileRef = 56045C3627D4C723003BBD24 /* Body3MediumLabel.swift */; };
		56045C5127D4C723003BBD24 /* Heading2Label.swift in Sources */ = {isa = PBXBuildFile; fileRef = 56045C3727D4C723003BBD24 /* Heading2Label.swift */; };
		56045C5227D4C723003BBD24 /* Heading7Label.swift in Sources */ = {isa = PBXBuildFile; fileRef = 56045C3827D4C723003BBD24 /* Heading7Label.swift */; };
		56045C5327D4C723003BBD24 /* Heading11Label.swift in Sources */ = {isa = PBXBuildFile; fileRef = 56045C3927D4C723003BBD24 /* Heading11Label.swift */; };
		56045C5427D4C723003BBD24 /* Heading4Label.swift in Sources */ = {isa = PBXBuildFile; fileRef = 56045C3A27D4C723003BBD24 /* Heading4Label.swift */; };
		56045C5527D4C723003BBD24 /* Heading9Label.swift in Sources */ = {isa = PBXBuildFile; fileRef = 56045C3B27D4C723003BBD24 /* Heading9Label.swift */; };
		56045C5627D4C723003BBD24 /* Heading1Label.swift in Sources */ = {isa = PBXBuildFile; fileRef = 56045C3C27D4C723003BBD24 /* Heading1Label.swift */; };
		56045C5727D4C723003BBD24 /* Body4MediumLabel.swift in Sources */ = {isa = PBXBuildFile; fileRef = 56045C3D27D4C723003BBD24 /* Body4MediumLabel.swift */; };
		56045C5827D4C723003BBD24 /* Heading6Label.swift in Sources */ = {isa = PBXBuildFile; fileRef = 56045C3E27D4C723003BBD24 /* Heading6Label.swift */; };
		56045C5927D4C723003BBD24 /* Body1MediumLabel.swift in Sources */ = {isa = PBXBuildFile; fileRef = 56045C3F27D4C723003BBD24 /* Body1MediumLabel.swift */; };
		56045C5A27D4C723003BBD24 /* Heading10Label.swift in Sources */ = {isa = PBXBuildFile; fileRef = 56045C4027D4C723003BBD24 /* Heading10Label.swift */; };
		56045C5B27D4C723003BBD24 /* Body2Label.swift in Sources */ = {isa = PBXBuildFile; fileRef = 56045C4127D4C723003BBD24 /* Body2Label.swift */; };
		56045C5C27D4C723003BBD24 /* Body5MediumLabel.swift in Sources */ = {isa = PBXBuildFile; fileRef = 56045C4227D4C723003BBD24 /* Body5MediumLabel.swift */; };
		56045C5E27D4C74B003BBD24 /* HomeViewController+Design.swift in Sources */ = {isa = PBXBuildFile; fileRef = 56045C5D27D4C74B003BBD24 /* HomeViewController+Design.swift */; };
		56045C6127D4C821003BBD24 /* SnapKit in Frameworks */ = {isa = PBXBuildFile; productRef = 56045C6027D4C821003BBD24 /* SnapKit */; };
		56045C6327D4CB71003BBD24 /* Heading6BoldLabel.swift in Sources */ = {isa = PBXBuildFile; fileRef = 56045C6227D4CB71003BBD24 /* Heading6BoldLabel.swift */; };
		56045C6727D4CCFD003BBD24 /* SmallProjectCollectionViewCell.swift in Sources */ = {isa = PBXBuildFile; fileRef = 56045C6627D4CCFD003BBD24 /* SmallProjectCollectionViewCell.swift */; };
		56045C6927D4CF41003BBD24 /* SmallProjectCollectionViewCell+Design.swift in Sources */ = {isa = PBXBuildFile; fileRef = 56045C6827D4CF41003BBD24 /* SmallProjectCollectionViewCell+Design.swift */; };
		56045C6C27D4D03F003BBD24 /* Kingfisher in Frameworks */ = {isa = PBXBuildFile; productRef = 56045C6B27D4D03F003BBD24 /* Kingfisher */; };
		56045C6E27D4ED1C003BBD24 /* WatchlistButton.swift in Sources */ = {isa = PBXBuildFile; fileRef = 56045C6D27D4ED1C003BBD24 /* WatchlistButton.swift */; };
		56045C7027D4EDF4003BBD24 /* BundleImage.swift in Sources */ = {isa = PBXBuildFile; fileRef = 56045C6F27D4EDF4003BBD24 /* BundleImage.swift */; };
		56045C7227D4EEE9003BBD24 /* UIImage+Extension.swift in Sources */ = {isa = PBXBuildFile; fileRef = 56045C7127D4EEE9003BBD24 /* UIImage+Extension.swift */; };
		56045C7527D4F0D6003BBD24 /* HomeSection.swift in Sources */ = {isa = PBXBuildFile; fileRef = 56045C7427D4F0D6003BBD24 /* HomeSection.swift */; };
		56045C7727D4F102003BBD24 /* ProjectViewModel.swift in Sources */ = {isa = PBXBuildFile; fileRef = 56045C7627D4F102003BBD24 /* ProjectViewModel.swift */; };
		56045C7927D4F9C1003BBD24 /* UIEdgeInsets.swift in Sources */ = {isa = PBXBuildFile; fileRef = 56045C7827D4F9C1003BBD24 /* UIEdgeInsets.swift */; };
		56045C7C27D4FEBC003BBD24 /* CGFloat+Extensions.swift in Sources */ = {isa = PBXBuildFile; fileRef = 56045C7B27D4FEBC003BBD24 /* CGFloat+Extensions.swift */; };
		5674DC5727D4B833006D1906 /* AppDelegate.swift in Sources */ = {isa = PBXBuildFile; fileRef = 5674DC5627D4B833006D1906 /* AppDelegate.swift */; };
		5674DC5927D4B833006D1906 /* SceneDelegate.swift in Sources */ = {isa = PBXBuildFile; fileRef = 5674DC5827D4B833006D1906 /* SceneDelegate.swift */; };
		5674DC6027D4B835006D1906 /* Assets.xcassets in Resources */ = {isa = PBXBuildFile; fileRef = 5674DC5F27D4B835006D1906 /* Assets.xcassets */; };
		5674DC6327D4B835006D1906 /* LaunchScreen.storyboard in Resources */ = {isa = PBXBuildFile; fileRef = 5674DC6127D4B835006D1906 /* LaunchScreen.storyboard */; };
		5674DC7227D4B94D006D1906 /* AppModule.swift in Sources */ = {isa = PBXBuildFile; fileRef = 5674DC7127D4B94D006D1906 /* AppModule.swift */; };
		5674DC7527D4B9BC006D1906 /* AppRouter.swift in Sources */ = {isa = PBXBuildFile; fileRef = 5674DC7427D4B9BC006D1906 /* AppRouter.swift */; };
		5674DC7827D4B9EF006D1906 /* HomeViewController.swift in Sources */ = {isa = PBXBuildFile; fileRef = 5674DC7727D4B9EF006D1906 /* HomeViewController.swift */; };
		5674DC7A27D4BA12006D1906 /* HomePresenter.swift in Sources */ = {isa = PBXBuildFile; fileRef = 5674DC7927D4BA12006D1906 /* HomePresenter.swift */; };
		5674DC8027D4BBBC006D1906 /* Resolver in Frameworks */ = {isa = PBXBuildFile; productRef = 5674DC7F27D4BBBC006D1906 /* Resolver */; };
		5674DC8227D4BBBC006D1906 /* Resolver-Static in Frameworks */ = {isa = PBXBuildFile; productRef = 5674DC8127D4BBBC006D1906 /* Resolver-Static */; };
/* End PBXBuildFile section */

/* Begin PBXFileReference section */
		56045C2027D4C521003BBD24 /* ConstructViewsProtocol.swift */ = {isa = PBXFileReference; lastKnownFileType = sourcecode.swift; path = ConstructViewsProtocol.swift; sourceTree = "<group>"; };
		56045C2327D4C555003BBD24 /* UIFont+Extension.swift */ = {isa = PBXFileReference; lastKnownFileType = sourcecode.swift; path = "UIFont+Extension.swift"; sourceTree = "<group>"; };
		56045C2627D4C57A003BBD24 /* BundleFont.swift */ = {isa = PBXFileReference; lastKnownFileType = sourcecode.swift; path = BundleFont.swift; sourceTree = "<group>"; };
		56045C2927D4C722003BBD24 /* Body1Label.swift */ = {isa = PBXFileReference; fileEncoding = 4; lastKnownFileType = sourcecode.swift; path = Body1Label.swift; sourceTree = "<group>"; };
		56045C2A27D4C722003BBD24 /* Body2BoldLabel.swift */ = {isa = PBXFileReference; fileEncoding = 4; lastKnownFileType = sourcecode.swift; path = Body2BoldLabel.swift; sourceTree = "<group>"; };
		56045C2B27D4C722003BBD24 /* Body2MediumLabel.swift */ = {isa = PBXFileReference; fileEncoding = 4; lastKnownFileType = sourcecode.swift; path = Body2MediumLabel.swift; sourceTree = "<group>"; };
		56045C2C27D4C723003BBD24 /* Body5BoldLabel.swift */ = {isa = PBXFileReference; fileEncoding = 4; lastKnownFileType = sourcecode.swift; path = Body5BoldLabel.swift; sourceTree = "<group>"; };
		56045C2D27D4C723003BBD24 /* Body6MediumLabel.swift */ = {isa = PBXFileReference; fileEncoding = 4; lastKnownFileType = sourcecode.swift; path = Body6MediumLabel.swift; sourceTree = "<group>"; };
		56045C2E27D4C723003BBD24 /* Body4BoldLabel.swift */ = {isa = PBXFileReference; fileEncoding = 4; lastKnownFileType = sourcecode.swift; path = Body4BoldLabel.swift; sourceTree = "<group>"; };
		56045C2F27D4C723003BBD24 /* Heading8Label.swift */ = {isa = PBXFileReference; fileEncoding = 4; lastKnownFileType = sourcecode.swift; path = Heading8Label.swift; sourceTree = "<group>"; };
		56045C3027D4C723003BBD24 /* Body3BoldLabel.swift */ = {isa = PBXFileReference; fileEncoding = 4; lastKnownFileType = sourcecode.swift; path = Body3BoldLabel.swift; sourceTree = "<group>"; };
		56045C3127D4C723003BBD24 /* Body4Label.swift */ = {isa = PBXFileReference; fileEncoding = 4; lastKnownFileType = sourcecode.swift; path = Body4Label.swift; sourceTree = "<group>"; };
		56045C3227D4C723003BBD24 /* Body1BoldLabel.swift */ = {isa = PBXFileReference; fileEncoding = 4; lastKnownFileType = sourcecode.swift; path = Body1BoldLabel.swift; sourceTree = "<group>"; };
		56045C3327D4C723003BBD24 /* Heading10BoldLabel.swift */ = {isa = PBXFileReference; fileEncoding = 4; lastKnownFileType = sourcecode.swift; path = Heading10BoldLabel.swift; sourceTree = "<group>"; };
		56045C3427D4C723003BBD24 /* Body3Label.swift */ = {isa = PBXFileReference; fileEncoding = 4; lastKnownFileType = sourcecode.swift; path = Body3Label.swift; sourceTree = "<group>"; };
		56045C3527D4C723003BBD24 /* LinkLabel.swift */ = {isa = PBXFileReference; fileEncoding = 4; lastKnownFileType = sourcecode.swift; path = LinkLabel.swift; sourceTree = "<group>"; };
		56045C3627D4C723003BBD24 /* Body3MediumLabel.swift */ = {isa = PBXFileReference; fileEncoding = 4; lastKnownFileType = sourcecode.swift; path = Body3MediumLabel.swift; sourceTree = "<group>"; };
		56045C3727D4C723003BBD24 /* Heading2Label.swift */ = {isa = PBXFileReference; fileEncoding = 4; lastKnownFileType = sourcecode.swift; path = Heading2Label.swift; sourceTree = "<group>"; };
		56045C3827D4C723003BBD24 /* Heading7Label.swift */ = {isa = PBXFileReference; fileEncoding = 4; lastKnownFileType = sourcecode.swift; path = Heading7Label.swift; sourceTree = "<group>"; };
		56045C3927D4C723003BBD24 /* Heading11Label.swift */ = {isa = PBXFileReference; fileEncoding = 4; lastKnownFileType = sourcecode.swift; path = Heading11Label.swift; sourceTree = "<group>"; };
		56045C3A27D4C723003BBD24 /* Heading4Label.swift */ = {isa = PBXFileReference; fileEncoding = 4; lastKnownFileType = sourcecode.swift; path = Heading4Label.swift; sourceTree = "<group>"; };
		56045C3B27D4C723003BBD24 /* Heading9Label.swift */ = {isa = PBXFileReference; fileEncoding = 4; lastKnownFileType = sourcecode.swift; path = Heading9Label.swift; sourceTree = "<group>"; };
		56045C3C27D4C723003BBD24 /* Heading1Label.swift */ = {isa = PBXFileReference; fileEncoding = 4; lastKnownFileType = sourcecode.swift; path = Heading1Label.swift; sourceTree = "<group>"; };
		56045C3D27D4C723003BBD24 /* Body4MediumLabel.swift */ = {isa = PBXFileReference; fileEncoding = 4; lastKnownFileType = sourcecode.swift; path = Body4MediumLabel.swift; sourceTree = "<group>"; };
		56045C3E27D4C723003BBD24 /* Heading6Label.swift */ = {isa = PBXFileReference; fileEncoding = 4; lastKnownFileType = sourcecode.swift; path = Heading6Label.swift; sourceTree = "<group>"; };
		56045C3F27D4C723003BBD24 /* Body1MediumLabel.swift */ = {isa = PBXFileReference; fileEncoding = 4; lastKnownFileType = sourcecode.swift; path = Body1MediumLabel.swift; sourceTree = "<group>"; };
		56045C4027D4C723003BBD24 /* Heading10Label.swift */ = {isa = PBXFileReference; fileEncoding = 4; lastKnownFileType = sourcecode.swift; path = Heading10Label.swift; sourceTree = "<group>"; };
		56045C4127D4C723003BBD24 /* Body2Label.swift */ = {isa = PBXFileReference; fileEncoding = 4; lastKnownFileType = sourcecode.swift; path = Body2Label.swift; sourceTree = "<group>"; };
		56045C4227D4C723003BBD24 /* Body5MediumLabel.swift */ = {isa = PBXFileReference; fileEncoding = 4; lastKnownFileType = sourcecode.swift; path = Body5MediumLabel.swift; sourceTree = "<group>"; };
		56045C5D27D4C74B003BBD24 /* HomeViewController+Design.swift */ = {isa = PBXFileReference; lastKnownFileType = sourcecode.swift; path = "HomeViewController+Design.swift"; sourceTree = "<group>"; };
		56045C6227D4CB71003BBD24 /* Heading6BoldLabel.swift */ = {isa = PBXFileReference; lastKnownFileType = sourcecode.swift; path = Heading6BoldLabel.swift; sourceTree = "<group>"; };
		56045C6627D4CCFD003BBD24 /* SmallProjectCollectionViewCell.swift */ = {isa = PBXFileReference; lastKnownFileType = sourcecode.swift; path = SmallProjectCollectionViewCell.swift; sourceTree = "<group>"; };
		56045C6827D4CF41003BBD24 /* SmallProjectCollectionViewCell+Design.swift */ = {isa = PBXFileReference; lastKnownFileType = sourcecode.swift; path = "SmallProjectCollectionViewCell+Design.swift"; sourceTree = "<group>"; };
		56045C6D27D4ED1C003BBD24 /* WatchlistButton.swift */ = {isa = PBXFileReference; lastKnownFileType = sourcecode.swift; path = WatchlistButton.swift; sourceTree = "<group>"; };
		56045C6F27D4EDF4003BBD24 /* BundleImage.swift */ = {isa = PBXFileReference; lastKnownFileType = sourcecode.swift; path = BundleImage.swift; sourceTree = "<group>"; };
		56045C7127D4EEE9003BBD24 /* UIImage+Extension.swift */ = {isa = PBXFileReference; lastKnownFileType = sourcecode.swift; path = "UIImage+Extension.swift"; sourceTree = "<group>"; };
		56045C7427D4F0D6003BBD24 /* HomeSection.swift */ = {isa = PBXFileReference; lastKnownFileType = sourcecode.swift; path = HomeSection.swift; sourceTree = "<group>"; };
		56045C7627D4F102003BBD24 /* ProjectViewModel.swift */ = {isa = PBXFileReference; lastKnownFileType = sourcecode.swift; path = ProjectViewModel.swift; sourceTree = "<group>"; };
		56045C7827D4F9C1003BBD24 /* UIEdgeInsets.swift */ = {isa = PBXFileReference; lastKnownFileType = sourcecode.swift; path = UIEdgeInsets.swift; sourceTree = "<group>"; };
		56045C7B27D4FEBC003BBD24 /* CGFloat+Extensions.swift */ = {isa = PBXFileReference; lastKnownFileType = sourcecode.swift; path = "CGFloat+Extensions.swift"; sourceTree = "<group>"; };
		5674DC5327D4B833006D1906 /* Moneypenny.app */ = {isa = PBXFileReference; explicitFileType = wrapper.application; includeInIndex = 0; path = Moneypenny.app; sourceTree = BUILT_PRODUCTS_DIR; };
		5674DC5627D4B833006D1906 /* AppDelegate.swift */ = {isa = PBXFileReference; lastKnownFileType = sourcecode.swift; path = AppDelegate.swift; sourceTree = "<group>"; };
		5674DC5827D4B833006D1906 /* SceneDelegate.swift */ = {isa = PBXFileReference; lastKnownFileType = sourcecode.swift; path = SceneDelegate.swift; sourceTree = "<group>"; };
		5674DC5F27D4B835006D1906 /* Assets.xcassets */ = {isa = PBXFileReference; lastKnownFileType = folder.assetcatalog; path = Assets.xcassets; sourceTree = "<group>"; };
		5674DC6227D4B835006D1906 /* Base */ = {isa = PBXFileReference; lastKnownFileType = file.storyboard; name = Base; path = Base.lproj/LaunchScreen.storyboard; sourceTree = "<group>"; };
		5674DC6427D4B835006D1906 /* Info.plist */ = {isa = PBXFileReference; lastKnownFileType = text.plist.xml; path = Info.plist; sourceTree = "<group>"; };
		5674DC7127D4B94D006D1906 /* AppModule.swift */ = {isa = PBXFileReference; lastKnownFileType = sourcecode.swift; path = AppModule.swift; sourceTree = "<group>"; };
		5674DC7427D4B9BC006D1906 /* AppRouter.swift */ = {isa = PBXFileReference; lastKnownFileType = sourcecode.swift; path = AppRouter.swift; sourceTree = "<group>"; };
		5674DC7727D4B9EF006D1906 /* HomeViewController.swift */ = {isa = PBXFileReference; lastKnownFileType = sourcecode.swift; path = HomeViewController.swift; sourceTree = "<group>"; };
		5674DC7927D4BA12006D1906 /* HomePresenter.swift */ = {isa = PBXFileReference; lastKnownFileType = sourcecode.swift; path = HomePresenter.swift; sourceTree = "<group>"; };
/* End PBXFileReference section */

/* Begin PBXFrameworksBuildPhase section */
		5674DC5027D4B833006D1906 /* Frameworks */ = {
			isa = PBXFrameworksBuildPhase;
			buildActionMask = 2147483647;
			files = (
				56045C6C27D4D03F003BBD24 /* Kingfisher in Frameworks */,
				56045C6127D4C821003BBD24 /* SnapKit in Frameworks */,
				5674DC8227D4BBBC006D1906 /* Resolver-Static in Frameworks */,
				5674DC8027D4BBBC006D1906 /* Resolver in Frameworks */,
			);
			runOnlyForDeploymentPostprocessing = 0;
		};
/* End PBXFrameworksBuildPhase section */

/* Begin PBXGroup section */
		56045C1D27D4C4E2003BBD24 /* Core */ = {
			isa = PBXGroup;
			children = (
				56045C1E27D4C4F4003BBD24 /* UI */,
			);
			path = Core;
			sourceTree = "<group>";
		};
		56045C1E27D4C4F4003BBD24 /* UI */ = {
			isa = PBXGroup;
			children = (
				56045C2527D4C56E003BBD24 /* Bundles */,
				56045C6527D4CC0C003BBD24 /* Components */,
				56045C2227D4C548003BBD24 /* Extensions */,
				56045C2827D4C722003BBD24 /* Labels */,
				56045C1F27D4C4FC003BBD24 /* Resources */,
			);
			path = UI;
			sourceTree = "<group>";
		};
		56045C1F27D4C4FC003BBD24 /* Resources */ = {
			isa = PBXGroup;
			children = (
				56045C2027D4C521003BBD24 /* ConstructViewsProtocol.swift */,
			);
			path = Resources;
			sourceTree = "<group>";
		};
		56045C2227D4C548003BBD24 /* Extensions */ = {
			isa = PBXGroup;
			children = (
				56045C7B27D4FEBC003BBD24 /* CGFloat+Extensions.swift */,
				56045C7827D4F9C1003BBD24 /* UIEdgeInsets.swift */,
				56045C2327D4C555003BBD24 /* UIFont+Extension.swift */,
				56045C7127D4EEE9003BBD24 /* UIImage+Extension.swift */,
			);
			path = Extensions;
			sourceTree = "<group>";
		};
		56045C2527D4C56E003BBD24 /* Bundles */ = {
			isa = PBXGroup;
			children = (
				56045C2627D4C57A003BBD24 /* BundleFont.swift */,
				56045C6F27D4EDF4003BBD24 /* BundleImage.swift */,
			);
			path = Bundles;
			sourceTree = "<group>";
		};
		56045C2827D4C722003BBD24 /* Labels */ = {
			isa = PBXGroup;
			children = (
				56045C3227D4C723003BBD24 /* Body1BoldLabel.swift */,
				56045C2927D4C722003BBD24 /* Body1Label.swift */,
				56045C3F27D4C723003BBD24 /* Body1MediumLabel.swift */,
				56045C2A27D4C722003BBD24 /* Body2BoldLabel.swift */,
				56045C4127D4C723003BBD24 /* Body2Label.swift */,
				56045C2B27D4C722003BBD24 /* Body2MediumLabel.swift */,
				56045C3027D4C723003BBD24 /* Body3BoldLabel.swift */,
				56045C3427D4C723003BBD24 /* Body3Label.swift */,
				56045C3627D4C723003BBD24 /* Body3MediumLabel.swift */,
				56045C2E27D4C723003BBD24 /* Body4BoldLabel.swift */,
				56045C3127D4C723003BBD24 /* Body4Label.swift */,
				56045C3D27D4C723003BBD24 /* Body4MediumLabel.swift */,
				56045C2C27D4C723003BBD24 /* Body5BoldLabel.swift */,
				56045C4227D4C723003BBD24 /* Body5MediumLabel.swift */,
				56045C2D27D4C723003BBD24 /* Body6MediumLabel.swift */,
				56045C3C27D4C723003BBD24 /* Heading1Label.swift */,
				56045C3727D4C723003BBD24 /* Heading2Label.swift */,
				56045C3A27D4C723003BBD24 /* Heading4Label.swift */,
				56045C6227D4CB71003BBD24 /* Heading6BoldLabel.swift */,
				56045C3E27D4C723003BBD24 /* Heading6Label.swift */,
				56045C3827D4C723003BBD24 /* Heading7Label.swift */,
				56045C2F27D4C723003BBD24 /* Heading8Label.swift */,
				56045C3B27D4C723003BBD24 /* Heading9Label.swift */,
				56045C3327D4C723003BBD24 /* Heading10BoldLabel.swift */,
				56045C4027D4C723003BBD24 /* Heading10Label.swift */,
				56045C3927D4C723003BBD24 /* Heading11Label.swift */,
				56045C3527D4C723003BBD24 /* LinkLabel.swift */,
			);
			path = Labels;
			sourceTree = "<group>";
		};
		56045C6427D4CBC1003BBD24 /* HomeScreen */ = {
			isa = PBXGroup;
			children = (
				5674DC7927D4BA12006D1906 /* HomePresenter.swift */,
				56045C7427D4F0D6003BBD24 /* HomeSection.swift */,
				5674DC7727D4B9EF006D1906 /* HomeViewController.swift */,
				56045C5D27D4C74B003BBD24 /* HomeViewController+Design.swift */,
			);
			path = HomeScreen;
			sourceTree = "<group>";
		};
		56045C6527D4CC0C003BBD24 /* Components */ = {
			isa = PBXGroup;
			children = (
				56045C6D27D4ED1C003BBD24 /* WatchlistButton.swift */,
				56045C7327D4F042003BBD24 /* SmallProjectCell */,
			);
			path = Components;
			sourceTree = "<group>";
		};
		56045C7327D4F042003BBD24 /* SmallProjectCell */ = {
			isa = PBXGroup;
			children = (
				56045C6627D4CCFD003BBD24 /* SmallProjectCollectionViewCell.swift */,
				56045C6827D4CF41003BBD24 /* SmallProjectCollectionViewCell+Design.swift */,
			);
			path = SmallProjectCell;
			sourceTree = "<group>";
		};
		56045C7A27D4FA78003BBD24 /* Models */ = {
			isa = PBXGroup;
			children = (
				56045C7627D4F102003BBD24 /* ProjectViewModel.swift */,
			);
			path = Models;
			sourceTree = "<group>";
		};
		5674DC4A27D4B833006D1906 = {
			isa = PBXGroup;
			children = (
				5674DC5527D4B833006D1906 /* Moneypenny */,
				5674DC5427D4B833006D1906 /* Products */,
			);
			sourceTree = "<group>";
		};
		5674DC5427D4B833006D1906 /* Products */ = {
			isa = PBXGroup;
			children = (
				5674DC5327D4B833006D1906 /* Moneypenny.app */,
			);
			name = Products;
			sourceTree = "<group>";
		};
		5674DC5527D4B833006D1906 /* Moneypenny */ = {
			isa = PBXGroup;
			children = (
				56045C1D27D4C4E2003BBD24 /* Core */,
				5674DC6427D4B835006D1906 /* Info.plist */,
				5674DC5627D4B833006D1906 /* AppDelegate.swift */,
				5674DC7127D4B94D006D1906 /* AppModule.swift */,
				5674DC5827D4B833006D1906 /* SceneDelegate.swift */,
				5674DC5F27D4B835006D1906 /* Assets.xcassets */,
				5674DC7327D4B9B1006D1906 /* Coordinator */,
				5674DC7627D4B9DC006D1906 /* Features */,
				5674DC6127D4B835006D1906 /* LaunchScreen.storyboard */,
			);
			path = Moneypenny;
			sourceTree = "<group>";
		};
		5674DC7327D4B9B1006D1906 /* Coordinator */ = {
			isa = PBXGroup;
			children = (
				5674DC7427D4B9BC006D1906 /* AppRouter.swift */,
			);
			path = Coordinator;
			sourceTree = "<group>";
		};
		5674DC7627D4B9DC006D1906 /* Features */ = {
			isa = PBXGroup;
			children = (
				56045C7A27D4FA78003BBD24 /* Models */,
				56045C6427D4CBC1003BBD24 /* HomeScreen */,
			);
			path = Features;
			sourceTree = "<group>";
		};
/* End PBXGroup section */

/* Begin PBXNativeTarget section */
		5674DC5227D4B833006D1906 /* Moneypenny */ = {
			isa = PBXNativeTarget;
			buildConfigurationList = 5674DC6727D4B835006D1906 /* Build configuration list for PBXNativeTarget "Moneypenny" */;
			buildPhases = (
				5674DC4F27D4B833006D1906 /* Sources */,
				56045C1A27D4BE07003BBD24 /* ShellScript */,
				5674DC5027D4B833006D1906 /* Frameworks */,
				5674DC5127D4B833006D1906 /* Resources */,
			);
			buildRules = (
			);
			dependencies = (
			);
			name = Moneypenny;
			packageProductDependencies = (
				5674DC7F27D4BBBC006D1906 /* Resolver */,
				5674DC8127D4BBBC006D1906 /* Resolver-Static */,
				56045C6027D4C821003BBD24 /* SnapKit */,
				56045C6B27D4D03F003BBD24 /* Kingfisher */,
			);
			productName = Moneypenny;
			productReference = 5674DC5327D4B833006D1906 /* Moneypenny.app */;
			productType = "com.apple.product-type.application";
		};
/* End PBXNativeTarget section */

/* Begin PBXProject section */
		5674DC4B27D4B833006D1906 /* Project object */ = {
			isa = PBXProject;
			attributes = {
				BuildIndependentTargetsInParallel = 1;
				LastSwiftUpdateCheck = 1320;
				LastUpgradeCheck = 1320;
				TargetAttributes = {
					5674DC5227D4B833006D1906 = {
						CreatedOnToolsVersion = 13.2.1;
					};
				};
			};
			buildConfigurationList = 5674DC4E27D4B833006D1906 /* Build configuration list for PBXProject "Moneypenny" */;
			compatibilityVersion = "Xcode 13.0";
			developmentRegion = en;
			hasScannedForEncodings = 0;
			knownRegions = (
				en,
				Base,
			);
			mainGroup = 5674DC4A27D4B833006D1906;
			packageReferences = (
				5674DC7E27D4BBBC006D1906 /* XCRemoteSwiftPackageReference "Resolver" */,
				56045C5F27D4C821003BBD24 /* XCRemoteSwiftPackageReference "SnapKit" */,
				56045C6A27D4D03F003BBD24 /* XCRemoteSwiftPackageReference "Kingfisher" */,
			);
			productRefGroup = 5674DC5427D4B833006D1906 /* Products */;
			projectDirPath = "";
			projectRoot = "";
			targets = (
				5674DC5227D4B833006D1906 /* Moneypenny */,
			);
		};
/* End PBXProject section */

/* Begin PBXResourcesBuildPhase section */
		5674DC5127D4B833006D1906 /* Resources */ = {
			isa = PBXResourcesBuildPhase;
			buildActionMask = 2147483647;
			files = (
				5674DC6327D4B835006D1906 /* LaunchScreen.storyboard in Resources */,
				5674DC6027D4B835006D1906 /* Assets.xcassets in Resources */,
			);
			runOnlyForDeploymentPostprocessing = 0;
		};
/* End PBXResourcesBuildPhase section */

/* Begin PBXShellScriptBuildPhase section */
		56045C1A27D4BE07003BBD24 /* ShellScript */ = {
			isa = PBXShellScriptBuildPhase;
			buildActionMask = 2147483647;
			files = (
			);
			inputFileListPaths = (
			);
			inputPaths = (
			);
			outputFileListPaths = (
			);
			outputPaths = (
			);
			runOnlyForDeploymentPostprocessing = 0;
			shellPath = /bin/sh;
			shellScript = "if which swiftlint >/dev/null; then\n  swiftlint\nelse\n  echo \"warning: SwiftLint not installed, download from https://github.com/realm/SwiftLint\"\nfi\n";
		};
/* End PBXShellScriptBuildPhase section */

/* Begin PBXSourcesBuildPhase section */
		5674DC4F27D4B833006D1906 /* Sources */ = {
			isa = PBXSourcesBuildPhase;
			buildActionMask = 2147483647;
			files = (
				56045C4C27D4C723003BBD24 /* Body1BoldLabel.swift in Sources */,
				56045C5627D4C723003BBD24 /* Heading1Label.swift in Sources */,
				56045C6727D4CCFD003BBD24 /* SmallProjectCollectionViewCell.swift in Sources */,
				5674DC7527D4B9BC006D1906 /* AppRouter.swift in Sources */,
				56045C5827D4C723003BBD24 /* Heading6Label.swift in Sources */,
				5674DC7827D4B9EF006D1906 /* HomeViewController.swift in Sources */,
				5674DC5727D4B833006D1906 /* AppDelegate.swift in Sources */,
				56045C6E27D4ED1C003BBD24 /* WatchlistButton.swift in Sources */,
				56045C5227D4C723003BBD24 /* Heading7Label.swift in Sources */,
				56045C6327D4CB71003BBD24 /* Heading6BoldLabel.swift in Sources */,
				5674DC5927D4B833006D1906 /* SceneDelegate.swift in Sources */,
				56045C7027D4EDF4003BBD24 /* BundleImage.swift in Sources */,
				56045C7C27D4FEBC003BBD24 /* CGFloat+Extensions.swift in Sources */,
				56045C4E27D4C723003BBD24 /* Body3Label.swift in Sources */,
				56045C5C27D4C723003BBD24 /* Body5MediumLabel.swift in Sources */,
				56045C2727D4C57A003BBD24 /* BundleFont.swift in Sources */,
				56045C7227D4EEE9003BBD24 /* UIImage+Extension.swift in Sources */,
				56045C5E27D4C74B003BBD24 /* HomeViewController+Design.swift in Sources */,
				5674DC7A27D4BA12006D1906 /* HomePresenter.swift in Sources */,
				56045C5327D4C723003BBD24 /* Heading11Label.swift in Sources */,
				56045C5127D4C723003BBD24 /* Heading2Label.swift in Sources */,
				56045C4F27D4C723003BBD24 /* LinkLabel.swift in Sources */,
				56045C4927D4C723003BBD24 /* Heading8Label.swift in Sources */,
				56045C4827D4C723003BBD24 /* Body4BoldLabel.swift in Sources */,
				56045C4727D4C723003BBD24 /* Body6MediumLabel.swift in Sources */,
				56045C5927D4C723003BBD24 /* Body1MediumLabel.swift in Sources */,
				56045C5427D4C723003BBD24 /* Heading4Label.swift in Sources */,
				56045C7927D4F9C1003BBD24 /* UIEdgeInsets.swift in Sources */,
				56045C4527D4C723003BBD24 /* Body2MediumLabel.swift in Sources */,
				56045C4327D4C723003BBD24 /* Body1Label.swift in Sources */,
				56045C7527D4F0D6003BBD24 /* HomeSection.swift in Sources */,
				56045C5027D4C723003BBD24 /* Body3MediumLabel.swift in Sources */,
				56045C5527D4C723003BBD24 /* Heading9Label.swift in Sources */,
				56045C5B27D4C723003BBD24 /* Body2Label.swift in Sources */,
				56045C7727D4F102003BBD24 /* ProjectViewModel.swift in Sources */,
				56045C4627D4C723003BBD24 /* Body5BoldLabel.swift in Sources */,
				56045C4D27D4C723003BBD24 /* Heading10BoldLabel.swift in Sources */,
				56045C4A27D4C723003BBD24 /* Body3BoldLabel.swift in Sources */,
				56045C5A27D4C723003BBD24 /* Heading10Label.swift in Sources */,
				56045C6927D4CF41003BBD24 /* SmallProjectCollectionViewCell+Design.swift in Sources */,
				56045C5727D4C723003BBD24 /* Body4MediumLabel.swift in Sources */,
				56045C2127D4C521003BBD24 /* ConstructViewsProtocol.swift in Sources */,
				56045C2427D4C555003BBD24 /* UIFont+Extension.swift in Sources */,
				56045C4427D4C723003BBD24 /* Body2BoldLabel.swift in Sources */,
				5674DC7227D4B94D006D1906 /* AppModule.swift in Sources */,
				56045C4B27D4C723003BBD24 /* Body4Label.swift in Sources */,
			);
			runOnlyForDeploymentPostprocessing = 0;
		};
/* End PBXSourcesBuildPhase section */

/* Begin PBXVariantGroup section */
		5674DC6127D4B835006D1906 /* LaunchScreen.storyboard */ = {
			isa = PBXVariantGroup;
			children = (
				5674DC6227D4B835006D1906 /* Base */,
			);
			name = LaunchScreen.storyboard;
			sourceTree = "<group>";
		};
/* End PBXVariantGroup section */

/* Begin XCBuildConfiguration section */
		5674DC6527D4B835006D1906 /* Debug */ = {
			isa = XCBuildConfiguration;
			buildSettings = {
				ALWAYS_SEARCH_USER_PATHS = NO;
				CLANG_ANALYZER_NONNULL = YES;
				CLANG_ANALYZER_NUMBER_OBJECT_CONVERSION = YES_AGGRESSIVE;
				CLANG_CXX_LANGUAGE_STANDARD = "gnu++17";
				CLANG_CXX_LIBRARY = "libc++";
				CLANG_ENABLE_MODULES = YES;
				CLANG_ENABLE_OBJC_ARC = YES;
				CLANG_ENABLE_OBJC_WEAK = YES;
				CLANG_WARN_BLOCK_CAPTURE_AUTORELEASING = YES;
				CLANG_WARN_BOOL_CONVERSION = YES;
				CLANG_WARN_COMMA = YES;
				CLANG_WARN_CONSTANT_CONVERSION = YES;
				CLANG_WARN_DEPRECATED_OBJC_IMPLEMENTATIONS = YES;
				CLANG_WARN_DIRECT_OBJC_ISA_USAGE = YES_ERROR;
				CLANG_WARN_DOCUMENTATION_COMMENTS = YES;
				CLANG_WARN_EMPTY_BODY = YES;
				CLANG_WARN_ENUM_CONVERSION = YES;
				CLANG_WARN_INFINITE_RECURSION = YES;
				CLANG_WARN_INT_CONVERSION = YES;
				CLANG_WARN_NON_LITERAL_NULL_CONVERSION = YES;
				CLANG_WARN_OBJC_IMPLICIT_RETAIN_SELF = YES;
				CLANG_WARN_OBJC_LITERAL_CONVERSION = YES;
				CLANG_WARN_OBJC_ROOT_CLASS = YES_ERROR;
				CLANG_WARN_QUOTED_INCLUDE_IN_FRAMEWORK_HEADER = YES;
				CLANG_WARN_RANGE_LOOP_ANALYSIS = YES;
				CLANG_WARN_STRICT_PROTOTYPES = YES;
				CLANG_WARN_SUSPICIOUS_MOVE = YES;
				CLANG_WARN_UNGUARDED_AVAILABILITY = YES_AGGRESSIVE;
				CLANG_WARN_UNREACHABLE_CODE = YES;
				CLANG_WARN__DUPLICATE_METHOD_MATCH = YES;
				COPY_PHASE_STRIP = NO;
				DEBUG_INFORMATION_FORMAT = dwarf;
				ENABLE_STRICT_OBJC_MSGSEND = YES;
				ENABLE_TESTABILITY = YES;
				GCC_C_LANGUAGE_STANDARD = gnu11;
				GCC_DYNAMIC_NO_PIC = NO;
				GCC_NO_COMMON_BLOCKS = YES;
				GCC_OPTIMIZATION_LEVEL = 0;
				GCC_PREPROCESSOR_DEFINITIONS = (
					"DEBUG=1",
					"$(inherited)",
				);
				GCC_WARN_64_TO_32_BIT_CONVERSION = YES;
				GCC_WARN_ABOUT_RETURN_TYPE = YES_ERROR;
				GCC_WARN_UNDECLARED_SELECTOR = YES;
				GCC_WARN_UNINITIALIZED_AUTOS = YES_AGGRESSIVE;
				GCC_WARN_UNUSED_FUNCTION = YES;
				GCC_WARN_UNUSED_VARIABLE = YES;
				IPHONEOS_DEPLOYMENT_TARGET = 15.2;
				MTL_ENABLE_DEBUG_INFO = INCLUDE_SOURCE;
				MTL_FAST_MATH = YES;
				ONLY_ACTIVE_ARCH = YES;
				SDKROOT = iphoneos;
				SWIFT_ACTIVE_COMPILATION_CONDITIONS = DEBUG;
				SWIFT_OPTIMIZATION_LEVEL = "-Onone";
			};
			name = Debug;
		};
		5674DC6627D4B835006D1906 /* Release */ = {
			isa = XCBuildConfiguration;
			buildSettings = {
				ALWAYS_SEARCH_USER_PATHS = NO;
				CLANG_ANALYZER_NONNULL = YES;
				CLANG_ANALYZER_NUMBER_OBJECT_CONVERSION = YES_AGGRESSIVE;
				CLANG_CXX_LANGUAGE_STANDARD = "gnu++17";
				CLANG_CXX_LIBRARY = "libc++";
				CLANG_ENABLE_MODULES = YES;
				CLANG_ENABLE_OBJC_ARC = YES;
				CLANG_ENABLE_OBJC_WEAK = YES;
				CLANG_WARN_BLOCK_CAPTURE_AUTORELEASING = YES;
				CLANG_WARN_BOOL_CONVERSION = YES;
				CLANG_WARN_COMMA = YES;
				CLANG_WARN_CONSTANT_CONVERSION = YES;
				CLANG_WARN_DEPRECATED_OBJC_IMPLEMENTATIONS = YES;
				CLANG_WARN_DIRECT_OBJC_ISA_USAGE = YES_ERROR;
				CLANG_WARN_DOCUMENTATION_COMMENTS = YES;
				CLANG_WARN_EMPTY_BODY = YES;
				CLANG_WARN_ENUM_CONVERSION = YES;
				CLANG_WARN_INFINITE_RECURSION = YES;
				CLANG_WARN_INT_CONVERSION = YES;
				CLANG_WARN_NON_LITERAL_NULL_CONVERSION = YES;
				CLANG_WARN_OBJC_IMPLICIT_RETAIN_SELF = YES;
				CLANG_WARN_OBJC_LITERAL_CONVERSION = YES;
				CLANG_WARN_OBJC_ROOT_CLASS = YES_ERROR;
				CLANG_WARN_QUOTED_INCLUDE_IN_FRAMEWORK_HEADER = YES;
				CLANG_WARN_RANGE_LOOP_ANALYSIS = YES;
				CLANG_WARN_STRICT_PROTOTYPES = YES;
				CLANG_WARN_SUSPICIOUS_MOVE = YES;
				CLANG_WARN_UNGUARDED_AVAILABILITY = YES_AGGRESSIVE;
				CLANG_WARN_UNREACHABLE_CODE = YES;
				CLANG_WARN__DUPLICATE_METHOD_MATCH = YES;
				COPY_PHASE_STRIP = NO;
				DEBUG_INFORMATION_FORMAT = "dwarf-with-dsym";
				ENABLE_NS_ASSERTIONS = NO;
				ENABLE_STRICT_OBJC_MSGSEND = YES;
				GCC_C_LANGUAGE_STANDARD = gnu11;
				GCC_NO_COMMON_BLOCKS = YES;
				GCC_WARN_64_TO_32_BIT_CONVERSION = YES;
				GCC_WARN_ABOUT_RETURN_TYPE = YES_ERROR;
				GCC_WARN_UNDECLARED_SELECTOR = YES;
				GCC_WARN_UNINITIALIZED_AUTOS = YES_AGGRESSIVE;
				GCC_WARN_UNUSED_FUNCTION = YES;
				GCC_WARN_UNUSED_VARIABLE = YES;
				IPHONEOS_DEPLOYMENT_TARGET = 15.2;
				MTL_ENABLE_DEBUG_INFO = NO;
				MTL_FAST_MATH = YES;
				SDKROOT = iphoneos;
				SWIFT_COMPILATION_MODE = wholemodule;
				SWIFT_OPTIMIZATION_LEVEL = "-O";
				VALIDATE_PRODUCT = YES;
			};
			name = Release;
		};
		5674DC6827D4B835006D1906 /* Debug */ = {
			isa = XCBuildConfiguration;
			buildSettings = {
				ASSETCATALOG_COMPILER_APPICON_NAME = AppIcon;
				ASSETCATALOG_COMPILER_GLOBAL_ACCENT_COLOR_NAME = AccentColor;
				CODE_SIGN_STYLE = Automatic;
				CURRENT_PROJECT_VERSION = 1;
				DEVELOPMENT_TEAM = Y29SMM866B;
				GENERATE_INFOPLIST_FILE = YES;
				INFOPLIST_FILE = Moneypenny/Info.plist;
				INFOPLIST_KEY_UIApplicationSupportsIndirectInputEvents = YES;
				INFOPLIST_KEY_UILaunchStoryboardName = LaunchScreen;
				INFOPLIST_KEY_UISupportedInterfaceOrientations_iPad = "UIInterfaceOrientationPortrait UIInterfaceOrientationPortraitUpsideDown UIInterfaceOrientationLandscapeLeft UIInterfaceOrientationLandscapeRight";
				INFOPLIST_KEY_UISupportedInterfaceOrientations_iPhone = "UIInterfaceOrientationPortrait UIInterfaceOrientationLandscapeLeft UIInterfaceOrientationLandscapeRight";
				LD_RUNPATH_SEARCH_PATHS = (
					"$(inherited)",
					"@executable_path/Frameworks",
				);
				MARKETING_VERSION = 1.0;
				PRODUCT_BUNDLE_IDENTIFIER = io.moneypenny.dao.Moneypenny;
				PRODUCT_NAME = "$(TARGET_NAME)";
				SWIFT_EMIT_LOC_STRINGS = YES;
				SWIFT_VERSION = 5.0;
				TARGETED_DEVICE_FAMILY = "1,2";
			};
			name = Debug;
		};
		5674DC6927D4B835006D1906 /* Release */ = {
			isa = XCBuildConfiguration;
			buildSettings = {
				ASSETCATALOG_COMPILER_APPICON_NAME = AppIcon;
				ASSETCATALOG_COMPILER_GLOBAL_ACCENT_COLOR_NAME = AccentColor;
				CODE_SIGN_STYLE = Automatic;
				CURRENT_PROJECT_VERSION = 1;
				DEVELOPMENT_TEAM = Y29SMM866B;
				GENERATE_INFOPLIST_FILE = YES;
				INFOPLIST_FILE = Moneypenny/Info.plist;
				INFOPLIST_KEY_UIApplicationSupportsIndirectInputEvents = YES;
				INFOPLIST_KEY_UILaunchStoryboardName = LaunchScreen;
				INFOPLIST_KEY_UISupportedInterfaceOrientations_iPad = "UIInterfaceOrientationPortrait UIInterfaceOrientationPortraitUpsideDown UIInterfaceOrientationLandscapeLeft UIInterfaceOrientationLandscapeRight";
				INFOPLIST_KEY_UISupportedInterfaceOrientations_iPhone = "UIInterfaceOrientationPortrait UIInterfaceOrientationLandscapeLeft UIInterfaceOrientationLandscapeRight";
				LD_RUNPATH_SEARCH_PATHS = (
					"$(inherited)",
					"@executable_path/Frameworks",
				);
				MARKETING_VERSION = 1.0;
				PRODUCT_BUNDLE_IDENTIFIER = io.moneypenny.dao.Moneypenny;
				PRODUCT_NAME = "$(TARGET_NAME)";
				SWIFT_EMIT_LOC_STRINGS = YES;
				SWIFT_VERSION = 5.0;
				TARGETED_DEVICE_FAMILY = "1,2";
			};
			name = Release;
		};
/* End XCBuildConfiguration section */

/* Begin XCConfigurationList section */
		5674DC4E27D4B833006D1906 /* Build configuration list for PBXProject "Moneypenny" */ = {
			isa = XCConfigurationList;
			buildConfigurations = (
				5674DC6527D4B835006D1906 /* Debug */,
				5674DC6627D4B835006D1906 /* Release */,
			);
			defaultConfigurationIsVisible = 0;
			defaultConfigurationName = Release;
		};
		5674DC6727D4B835006D1906 /* Build configuration list for PBXNativeTarget "Moneypenny" */ = {
			isa = XCConfigurationList;
			buildConfigurations = (
				5674DC6827D4B835006D1906 /* Debug */,
				5674DC6927D4B835006D1906 /* Release */,
			);
			defaultConfigurationIsVisible = 0;
			defaultConfigurationName = Release;
		};
/* End XCConfigurationList section */

/* Begin XCRemoteSwiftPackageReference section */
		56045C5F27D4C821003BBD24 /* XCRemoteSwiftPackageReference "SnapKit" */ = {
			isa = XCRemoteSwiftPackageReference;
			repositoryURL = "https://github.com/SnapKit/SnapKit.git";
			requirement = {
				kind = upToNextMinorVersion;
				minimumVersion = 5.0.0;
			};
		};
		56045C6A27D4D03F003BBD24 /* XCRemoteSwiftPackageReference "Kingfisher" */ = {
			isa = XCRemoteSwiftPackageReference;
			repositoryURL = "https://github.com/onevcat/Kingfisher.git";
			requirement = {
				kind = upToNextMinorVersion;
				minimumVersion = 7.2.0;
			};
		};
		5674DC7E27D4BBBC006D1906 /* XCRemoteSwiftPackageReference "Resolver" */ = {
			isa = XCRemoteSwiftPackageReference;
			repositoryURL = "https://github.com/hmlongco/Resolver.git";
			requirement = {
				branch = master;
				kind = branch;
			};
		};
/* End XCRemoteSwiftPackageReference section */

/* Begin XCSwiftPackageProductDependency section */
		56045C6027D4C821003BBD24 /* SnapKit */ = {
			isa = XCSwiftPackageProductDependency;
			package = 56045C5F27D4C821003BBD24 /* XCRemoteSwiftPackageReference "SnapKit" */;
			productName = SnapKit;
		};
		56045C6B27D4D03F003BBD24 /* Kingfisher */ = {
			isa = XCSwiftPackageProductDependency;
			package = 56045C6A27D4D03F003BBD24 /* XCRemoteSwiftPackageReference "Kingfisher" */;
			productName = Kingfisher;
		};
		5674DC7F27D4BBBC006D1906 /* Resolver */ = {
			isa = XCSwiftPackageProductDependency;
			package = 5674DC7E27D4BBBC006D1906 /* XCRemoteSwiftPackageReference "Resolver" */;
			productName = Resolver;
		};
		5674DC8127D4BBBC006D1906 /* Resolver-Static */ = {
			isa = XCSwiftPackageProductDependency;
			package = 5674DC7E27D4BBBC006D1906 /* XCRemoteSwiftPackageReference "Resolver" */;
			productName = "Resolver-Static";
		};
/* End XCSwiftPackageProductDependency section */
	};
	rootObject = 5674DC4B27D4B833006D1906 /* Project object */;
}
